
Microsoft Visual Studio Solution File, Format Version 12.00
# Visual Studio 2012
Project("{FAE04EC0-301F-11D3-BF4B-00C04F79EFBC}") = "OrderObj", "OrderObj\OrderObj.csproj", "{6F1A8AF8-9D9F-4443-9D5B-52E0DE12CD73}"
EndProject
Global
	GlobalSection(SolutionConfigurationPlatforms) = preSolution
		Debug|Any CPU = Debug|Any CPU
		Release|Any CPU = Release|Any CPU
	EndGlobalSection
	GlobalSection(ProjectConfigurationPlatforms) = postSolution
		{6F1A8AF8-9D9F-4443-9D5B-52E0DE12CD73}.Debug|Any CPU.ActiveCfg = Debug|Any CPU
		{6F1A8AF8-9D9F-4443-9D5B-52E0DE12CD73}.Debug|Any CPU.Build.0 = Debug|Any CPU
		{6F1A8AF8-9D9F-4443-9D5B-52E0DE12CD73}.Debug|Any CPU.Deploy.0 = Debug|Any CPU
		{6F1A8AF8-9D9F-4443-9D5B-52E0DE12CD73}.Release|Any CPU.ActiveCfg = Release|Any CPU
		{6F1A8AF8-9D9F-4443-9D5B-52E0DE12CD73}.Release|Any CPU.Build.0 = Release|Any CPU
		{6F1A8AF8-9D9F-4443-9D5B-52E0DE12CD73}.Release|Any CPU.Deploy.0 = Release|Any CPU
	EndGlobalSection
	GlobalSection(SolutionProperties) = preSolution
		HideSolutionNode = FALSE
	EndGlobalSection
EndGlobal
